// !$*UTF8*$!
{
	archiveVersion = 1;
	classes = {
	};
	objectVersion = 50;
	objects = {

/* Begin PBXBuildFile section */
		FC068CEF2125923200BBF533 /* AppDelegate.swift in Sources */ = {isa = PBXBuildFile; fileRef = FC068CEE2125923200BBF533 /* AppDelegate.swift */; };
		FC068CF12125923200BBF533 /* ViewController.swift in Sources */ = {isa = PBXBuildFile; fileRef = FC068CF02125923200BBF533 /* ViewController.swift */; };
		FC068CF42125923200BBF533 /* Main.storyboard in Resources */ = {isa = PBXBuildFile; fileRef = FC068CF22125923200BBF533 /* Main.storyboard */; };
		FC068CF72125923200BBF533 /* Light.xcdatamodeld in Sources */ = {isa = PBXBuildFile; fileRef = FC068CF52125923200BBF533 /* Light.xcdatamodeld */; };
		FC068CF92125923800BBF533 /* Assets.xcassets in Resources */ = {isa = PBXBuildFile; fileRef = FC068CF82125923800BBF533 /* Assets.xcassets */; };
		FC068CFC2125923800BBF533 /* LaunchScreen.storyboard in Resources */ = {isa = PBXBuildFile; fileRef = FC068CFA2125923800BBF533 /* LaunchScreen.storyboard */; };
		FC068D072125923800BBF533 /* LightTests.swift in Sources */ = {isa = PBXBuildFile; fileRef = FC068D062125923800BBF533 /* LightTests.swift */; };
		FC068D122125923800BBF533 /* LightUITests.swift in Sources */ = {isa = PBXBuildFile; fileRef = FC068D112125923800BBF533 /* LightUITests.swift */; };
/* End PBXBuildFile section */

/* Begin PBXContainerItemProxy section */
		FC068D032125923800BBF533 /* PBXContainerItemProxy */ = {
			isa = PBXContainerItemProxy;
			containerPortal = FC068CE32125923200BBF533 /* Project object */;
			proxyType = 1;
			remoteGlobalIDString = FC068CEA2125923200BBF533;
			remoteInfo = Light;
		};
		FC068D0E2125923800BBF533 /* PBXContainerItemProxy */ = {
			isa = PBXContainerItemProxy;
			containerPortal = FC068CE32125923200BBF533 /* Project object */;
			proxyType = 1;
			remoteGlobalIDString = FC068CEA2125923200BBF533;
			remoteInfo = Light;
		};
/* End PBXContainerItemProxy section */

/* Begin PBXFileReference section */
		FC068CEB2125923200BBF533 /* Light.app */ = {isa = PBXFileReference; explicitFileType = wrapper.application; includeInIndex = 0; path = Light.app; sourceTree = BUILT_PRODUCTS_DIR; };
		FC068CEE2125923200BBF533 /* AppDelegate.swift */ = {isa = PBXFileReference; lastKnownFileType = sourcecode.swift; path = AppDelegate.swift; sourceTree = "<group>"; };
		FC068CF02125923200BBF533 /* ViewController.swift */ = {isa = PBXFileReference; lastKnownFileType = sourcecode.swift; path = ViewController.swift; sourceTree = "<group>"; };
		FC068CF32125923200BBF533 /* Base */ = {isa = PBXFileReference; lastKnownFileType = file.storyboard; name = Base; path = Base.lproj/Main.storyboard; sourceTree = "<group>"; };
		FC068CF62125923200BBF533 /* Light.xcdatamodel */ = {isa = PBXFileReference; lastKnownFileType = wrapper.xcdatamodel; path = Light.xcdatamodel; sourceTree = "<group>"; };
		FC068CF82125923800BBF533 /* Assets.xcassets */ = {isa = PBXFileReference; lastKnownFileType = folder.assetcatalog; path = Assets.xcassets; sourceTree = "<group>"; };
		FC068CFB2125923800BBF533 /* Base */ = {isa = PBXFileReference; lastKnownFileType = file.storyboard; name = Base; path = Base.lproj/LaunchScreen.storyboard; sourceTree = "<group>"; };
		FC068CFD2125923800BBF533 /* Info.plist */ = {isa = PBXFileReference; lastKnownFileType = text.plist.xml; path = Info.plist; sourceTree = "<group>"; };
		FC068D022125923800BBF533 /* LightTests.xctest */ = {isa = PBXFileReference; explicitFileType = wrapper.cfbundle; includeInIndex = 0; path = LightTests.xctest; sourceTree = BUILT_PRODUCTS_DIR; };
		FC068D062125923800BBF533 /* LightTests.swift */ = {isa = PBXFileReference; lastKnownFileType = sourcecode.swift; path = LightTests.swift; sourceTree = "<group>"; };
		FC068D082125923800BBF533 /* Info.plist */ = {isa = PBXFileReference; lastKnownFileType = text.plist.xml; path = Info.plist; sourceTree = "<group>"; };
		FC068D0D2125923800BBF533 /* LightUITests.xctest */ = {isa = PBXFileReference; explicitFileType = wrapper.cfbundle; includeInIndex = 0; path = LightUITests.xctest; sourceTree = BUILT_PRODUCTS_DIR; };
		FC068D112125923800BBF533 /* LightUITests.swift */ = {isa = PBXFileReference; lastKnownFileType = sourcecode.swift; path = LightUITests.swift; sourceTree = "<group>"; };
		FC068D132125923800BBF533 /* Info.plist */ = {isa = PBXFileReference; lastKnownFileType = text.plist.xml; path = Info.plist; sourceTree = "<group>"; };
/* End PBXFileReference section */

/* Begin PBXFrameworksBuildPhase section */
		FC068CE82125923200BBF533 /* Frameworks */ = {
			isa = PBXFrameworksBuildPhase;
			buildActionMask = 2147483647;
			files = (
			);
			runOnlyForDeploymentPostprocessing = 0;
		};
		FC068CFF2125923800BBF533 /* Frameworks */ = {
			isa = PBXFrameworksBuildPhase;
			buildActionMask = 2147483647;
			files = (
			);
			runOnlyForDeploymentPostprocessing = 0;
		};
		FC068D0A2125923800BBF533 /* Frameworks */ = {
			isa = PBXFrameworksBuildPhase;
			buildActionMask = 2147483647;
			files = (
			);
			runOnlyForDeploymentPostprocessing = 0;
		};
/* End PBXFrameworksBuildPhase section */

/* Begin PBXGroup section */
		FC068CE22125923200BBF533 = {
			isa = PBXGroup;
			children = (
				FC068CED2125923200BBF533 /* Light */,
				FC068D052125923800BBF533 /* LightTests */,
				FC068D102125923800BBF533 /* LightUITests */,
				FC068CEC2125923200BBF533 /* Products */,
			);
			sourceTree = "<group>";
		};
		FC068CEC2125923200BBF533 /* Products */ = {
			isa = PBXGroup;
			children = (
				FC068CEB2125923200BBF533 /* Light.app */,
				FC068D022125923800BBF533 /* LightTests.xctest */,
				FC068D0D2125923800BBF533 /* LightUITests.xctest */,
			);
			name = Products;
			sourceTree = "<group>";
		};
		FC068CED2125923200BBF533 /* Light */ = {
			isa = PBXGroup;
			children = (
				FC068CEE2125923200BBF533 /* AppDelegate.swift */,
				FC068CF02125923200BBF533 /* ViewController.swift */,
				FC068CF22125923200BBF533 /* Main.storyboard */,
				FC068CF82125923800BBF533 /* Assets.xcassets */,
				FC068CFA2125923800BBF533 /* LaunchScreen.storyboard */,
				FC068CFD2125923800BBF533 /* Info.plist */,
				FC068CF52125923200BBF533 /* Light.xcdatamodeld */,
			);
			path = Light;
			sourceTree = "<group>";
		};
		FC068D052125923800BBF533 /* LightTests */ = {
			isa = PBXGroup;
			children = (
				FC068D062125923800BBF533 /* LightTests.swift */,
				FC068D082125923800BBF533 /* Info.plist */,
			);
			path = LightTests;
			sourceTree = "<group>";
		};
		FC068D102125923800BBF533 /* LightUITests */ = {
			isa = PBXGroup;
			children = (
				FC068D112125923800BBF533 /* LightUITests.swift */,
				FC068D132125923800BBF533 /* Info.plist */,
			);
			path = LightUITests;
			sourceTree = "<group>";
		};
/* End PBXGroup section */

/* Begin PBXNativeTarget section */
		FC068CEA2125923200BBF533 /* Light */ = {
			isa = PBXNativeTarget;
			buildConfigurationList = FC068D162125923800BBF533 /* Build configuration list for PBXNativeTarget "Light" */;
			buildPhases = (
				FC068CE72125923200BBF533 /* Sources */,
				FC068CE82125923200BBF533 /* Frameworks */,
				FC068CE92125923200BBF533 /* Resources */,
			);
			buildRules = (
			);
			dependencies = (
			);
			name = Light;
			productName = Light;
			productReference = FC068CEB2125923200BBF533 /* Light.app */;
			productType = "com.apple.product-type.application";
		};
		FC068D012125923800BBF533 /* LightTests */ = {
			isa = PBXNativeTarget;
			buildConfigurationList = FC068D192125923800BBF533 /* Build configuration list for PBXNativeTarget "LightTests" */;
			buildPhases = (
				FC068CFE2125923800BBF533 /* Sources */,
				FC068CFF2125923800BBF533 /* Frameworks */,
				FC068D002125923800BBF533 /* Resources */,
			);
			buildRules = (
			);
			dependencies = (
				FC068D042125923800BBF533 /* PBXTargetDependency */,
			);
			name = LightTests;
			productName = LightTests;
			productReference = FC068D022125923800BBF533 /* LightTests.xctest */;
			productType = "com.apple.product-type.bundle.unit-test";
		};
		FC068D0C2125923800BBF533 /* LightUITests */ = {
			isa = PBXNativeTarget;
			buildConfigurationList = FC068D1C2125923800BBF533 /* Build configuration list for PBXNativeTarget "LightUITests" */;
			buildPhases = (
				FC068D092125923800BBF533 /* Sources */,
				FC068D0A2125923800BBF533 /* Frameworks */,
				FC068D0B2125923800BBF533 /* Resources */,
			);
			buildRules = (
			);
			dependencies = (
				FC068D0F2125923800BBF533 /* PBXTargetDependency */,
			);
			name = LightUITests;
			productName = LightUITests;
			productReference = FC068D0D2125923800BBF533 /* LightUITests.xctest */;
			productType = "com.apple.product-type.bundle.ui-testing";
		};
/* End PBXNativeTarget section */

/* Begin PBXProject section */
		FC068CE32125923200BBF533 /* Project object */ = {
			isa = PBXProject;
			attributes = {
				LastSwiftUpdateCheck = 0940;
				LastUpgradeCheck = 0940;
				ORGANIZATIONNAME = "Vinh Ngo";
				TargetAttributes = {
					FC068CEA2125923200BBF533 = {
						CreatedOnToolsVersion = 9.4.1;
					};
					FC068D012125923800BBF533 = {
						CreatedOnToolsVersion = 9.4.1;
						TestTargetID = FC068CEA2125923200BBF533;
					};
					FC068D0C2125923800BBF533 = {
						CreatedOnToolsVersion = 9.4.1;
						TestTargetID = FC068CEA2125923200BBF533;
					};
				};
			};
			buildConfigurationList = FC068CE62125923200BBF533 /* Build configuration list for PBXProject "Light" */;
			compatibilityVersion = "Xcode 9.3";
			developmentRegion = en;
			hasScannedForEncodings = 0;
			knownRegions = (
				en,
				Base,
			);
			mainGroup = FC068CE22125923200BBF533;
			productRefGroup = FC068CEC2125923200BBF533 /* Products */;
			projectDirPath = "";
			projectRoot = "";
			targets = (
				FC068CEA2125923200BBF533 /* Light */,
				FC068D012125923800BBF533 /* LightTests */,
				FC068D0C2125923800BBF533 /* LightUITests */,
			);
		};
/* End PBXProject section */

/* Begin PBXResourcesBuildPhase section */
		FC068CE92125923200BBF533 /* Resources */ = {
			isa = PBXResourcesBuildPhase;
			buildActionMask = 2147483647;
			files = (
				FC068CFC2125923800BBF533 /* LaunchScreen.storyboard in Resources */,
				FC068CF92125923800BBF533 /* Assets.xcassets in Resources */,
				FC068CF42125923200BBF533 /* Main.storyboard in Resources */,
			);
			runOnlyForDeploymentPostprocessing = 0;
		};
		FC068D002125923800BBF533 /* Resources */ = {
			isa = PBXResourcesBuildPhase;
			buildActionMask = 2147483647;
			files = (
			);
			runOnlyForDeploymentPostprocessing = 0;
		};
		FC068D0B2125923800BBF533 /* Resources */ = {
			isa = PBXResourcesBuildPhase;
			buildActionMask = 2147483647;
			files = (
			);
			runOnlyForDeploymentPostprocessing = 0;
		};
/* End PBXResourcesBuildPhase section */

/* Begin PBXSourcesBuildPhase section */
		FC068CE72125923200BBF533 /* Sources */ = {
			isa = PBXSourcesBuildPhase;
			buildActionMask = 2147483647;
			files = (
				FC068CF72125923200BBF533 /* Light.xcdatamodeld in Sources */,
				FC068CF12125923200BBF533 /* ViewController.swift in Sources */,
				FC068CEF2125923200BBF533 /* AppDelegate.swift in Sources */,
			);
			runOnlyForDeploymentPostprocessing = 0;
		};
		FC068CFE2125923800BBF533 /* Sources */ = {
			isa = PBXSourcesBuildPhase;
			buildActionMask = 2147483647;
			files = (
				FC068D072125923800BBF533 /* LightTests.swift in Sources */,
			);
			runOnlyForDeploymentPostprocessing = 0;
		};
		FC068D092125923800BBF533 /* Sources */ = {
			isa = PBXSourcesBuildPhase;
			buildActionMask = 2147483647;
			files = (
				FC068D122125923800BBF533 /* LightUITests.swift in Sources */,
			);
			runOnlyForDeploymentPostprocessing = 0;
		};
/* End PBXSourcesBuildPhase section */

/* Begin PBXTargetDependency section */
		FC068D042125923800BBF533 /* PBXTargetDependency */ = {
			isa = PBXTargetDependency;
			target = FC068CEA2125923200BBF533 /* Light */;
			targetProxy = FC068D032125923800BBF533 /* PBXContainerItemProxy */;
		};
		FC068D0F2125923800BBF533 /* PBXTargetDependency */ = {
			isa = PBXTargetDependency;
			target = FC068CEA2125923200BBF533 /* Light */;
			targetProxy = FC068D0E2125923800BBF533 /* PBXContainerItemProxy */;
		};
/* End PBXTargetDependency section */

/* Begin PBXVariantGroup section */
		FC068CF22125923200BBF533 /* Main.storyboard */ = {
			isa = PBXVariantGroup;
			children = (
				FC068CF32125923200BBF533 /* Base */,
			);
			name = Main.storyboard;
			sourceTree = "<group>";
		};
		FC068CFA2125923800BBF533 /* LaunchScreen.storyboard */ = {
			isa = PBXVariantGroup;
			children = (
				FC068CFB2125923800BBF533 /* Base */,
			);
			name = LaunchScreen.storyboard;
			sourceTree = "<group>";
		};
/* End PBXVariantGroup section */

/* Begin XCBuildConfiguration section */
		FC068D142125923800BBF533 /* Debug */ = {
			isa = XCBuildConfiguration;
			buildSettings = {
				ALWAYS_SEARCH_USER_PATHS = NO;
				CLANG_ANALYZER_NONNULL = YES;
				CLANG_ANALYZER_NUMBER_OBJECT_CONVERSION = YES_AGGRESSIVE;
				CLANG_CXX_LANGUAGE_STANDARD = "gnu++14";
				CLANG_CXX_LIBRARY = "libc++";
				CLANG_ENABLE_MODULES = YES;
				CLANG_ENABLE_OBJC_ARC = YES;
				CLANG_ENABLE_OBJC_WEAK = YES;
				CLANG_WARN_BLOCK_CAPTURE_AUTORELEASING = YES;
				CLANG_WARN_BOOL_CONVERSION = YES;
				CLANG_WARN_COMMA = YES;
				CLANG_WARN_CONSTANT_CONVERSION = YES;
				CLANG_WARN_DEPRECATED_OBJC_IMPLEMENTATIONS = YES;
				CLANG_WARN_DIRECT_OBJC_ISA_USAGE = YES_ERROR;
				CLANG_WARN_DOCUMENTATION_COMMENTS = YES;
				CLANG_WARN_EMPTY_BODY = YES;
				CLANG_WARN_ENUM_CONVERSION = YES;
				CLANG_WARN_INFINITE_RECURSION = YES;
				CLANG_WARN_INT_CONVERSION = YES;
				CLANG_WARN_NON_LITERAL_NULL_CONVERSION = YES;
				CLANG_WARN_OBJC_IMPLICIT_RETAIN_SELF = YES;
				CLANG_WARN_OBJC_LITERAL_CONVERSION = YES;
				CLANG_WARN_OBJC_ROOT_CLASS = YES_ERROR;
				CLANG_WARN_RANGE_LOOP_ANALYSIS = YES;
				CLANG_WARN_STRICT_PROTOTYPES = YES;
				CLANG_WARN_SUSPICIOUS_MOVE = YES;
				CLANG_WARN_UNGUARDED_AVAILABILITY = YES_AGGRESSIVE;
				CLANG_WARN_UNREACHABLE_CODE = YES;
				CLANG_WARN__DUPLICATE_METHOD_MATCH = YES;
				CODE_SIGN_IDENTITY = "iPhone Developer";
				COPY_PHASE_STRIP = NO;
				DEBUG_INFORMATION_FORMAT = dwarf;
				ENABLE_STRICT_OBJC_MSGSEND = YES;
				ENABLE_TESTABILITY = YES;
				GCC_C_LANGUAGE_STANDARD = gnu11;
				GCC_DYNAMIC_NO_PIC = NO;
				GCC_NO_COMMON_BLOCKS = YES;
				GCC_OPTIMIZATION_LEVEL = 0;
				GCC_PREPROCESSOR_DEFINITIONS = (
					"DEBUG=1",
					"$(inherited)",
				);
				GCC_WARN_64_TO_32_BIT_CONVERSION = YES;
				GCC_WARN_ABOUT_RETURN_TYPE = YES_ERROR;
				GCC_WARN_UNDECLARED_SELECTOR = YES;
				GCC_WARN_UNINITIALIZED_AUTOS = YES_AGGRESSIVE;
				GCC_WARN_UNUSED_FUNCTION = YES;
				GCC_WARN_UNUSED_VARIABLE = YES;
				IPHONEOS_DEPLOYMENT_TARGET = 11.4;
				MTL_ENABLE_DEBUG_INFO = YES;
				ONLY_ACTIVE_ARCH = YES;
				SDKROOT = iphoneos;
				SWIFT_ACTIVE_COMPILATION_CONDITIONS = DEBUG;
				SWIFT_OPTIMIZATION_LEVEL = "-Onone";
			};
			name = Debug;
		};
		FC068D152125923800BBF533 /* Release */ = {
			isa = XCBuildConfiguration;
			buildSettings = {
				ALWAYS_SEARCH_USER_PATHS = NO;
				CLANG_ANALYZER_NONNULL = YES;
				CLANG_ANALYZER_NUMBER_OBJECT_CONVERSION = YES_AGGRESSIVE;
				CLANG_CXX_LANGUAGE_STANDARD = "gnu++14";
				CLANG_CXX_LIBRARY = "libc++";
				CLANG_ENABLE_MODULES = YES;
				CLANG_ENABLE_OBJC_ARC = YES;
				CLANG_ENABLE_OBJC_WEAK = YES;
				CLANG_WARN_BLOCK_CAPTURE_AUTORELEASING = YES;
				CLANG_WARN_BOOL_CONVERSION = YES;
				CLANG_WARN_COMMA = YES;
				CLANG_WARN_CONSTANT_CONVERSION = YES;
				CLANG_WARN_DEPRECATED_OBJC_IMPLEMENTATIONS = YES;
				CLANG_WARN_DIRECT_OBJC_ISA_USAGE = YES_ERROR;
				CLANG_WARN_DOCUMENTATION_COMMENTS = YES;
				CLANG_WARN_EMPTY_BODY = YES;
				CLANG_WARN_ENUM_CONVERSION = YES;
				CLANG_WARN_INFINITE_RECURSION = YES;
				CLANG_WARN_INT_CONVERSION = YES;
				CLANG_WARN_NON_LITERAL_NULL_CONVERSION = YES;
				CLANG_WARN_OBJC_IMPLICIT_RETAIN_SELF = YES;
				CLANG_WARN_OBJC_LITERAL_CONVERSION = YES;
				CLANG_WARN_OBJC_ROOT_CLASS = YES_ERROR;
				CLANG_WARN_RANGE_LOOP_ANALYSIS = YES;
				CLANG_WARN_STRICT_PROTOTYPES = YES;
				CLANG_WARN_SUSPICIOUS_MOVE = YES;
				CLANG_WARN_UNGUARDED_AVAILABILITY = YES_AGGRESSIVE;
				CLANG_WARN_UNREACHABLE_CODE = YES;
				CLANG_WARN__DUPLICATE_METHOD_MATCH = YES;
				CODE_SIGN_IDENTITY = "iPhone Developer";
				COPY_PHASE_STRIP = NO;
				DEBUG_INFORMATION_FORMAT = "dwarf-with-dsym";
				ENABLE_NS_ASSERTIONS = NO;
				ENABLE_STRICT_OBJC_MSGSEND = YES;
				GCC_C_LANGUAGE_STANDARD = gnu11;
				GCC_NO_COMMON_BLOCKS = YES;
				GCC_WARN_64_TO_32_BIT_CONVERSION = YES;
				GCC_WARN_ABOUT_RETURN_TYPE = YES_ERROR;
				GCC_WARN_UNDECLARED_SELECTOR = YES;
				GCC_WARN_UNINITIALIZED_AUTOS = YES_AGGRESSIVE;
				GCC_WARN_UNUSED_FUNCTION = YES;
				GCC_WARN_UNUSED_VARIABLE = YES;
				IPHONEOS_DEPLOYMENT_TARGET = 11.4;
				MTL_ENABLE_DEBUG_INFO = NO;
				SDKROOT = iphoneos;
				SWIFT_COMPILATION_MODE = wholemodule;
				SWIFT_OPTIMIZATION_LEVEL = "-O";
				VALIDATE_PRODUCT = YES;
			};
			name = Release;
		};
		FC068D172125923800BBF533 /* Debug */ = {
			isa = XCBuildConfiguration;
			buildSettings = {
				ASSETCATALOG_COMPILER_APPICON_NAME = AppIcon;
				CODE_SIGN_STYLE = Automatic;
				INFOPLIST_FILE = Light/Info.plist;
				LD_RUNPATH_SEARCH_PATHS = (
					"$(inherited)",
					"@executable_path/Frameworks",
				);
				PRODUCT_BUNDLE_IDENTIFIER = VN.Light;
				PRODUCT_NAME = "$(TARGET_NAME)";
				SWIFT_VERSION = 4.0;
				TARGETED_DEVICE_FAMILY = "1,2";
			};
			name = Debug;
		};
		FC068D182125923800BBF533 /* Release */ = {
			isa = XCBuildConfiguration;
			buildSettings = {
				ASSETCATALOG_COMPILER_APPICON_NAME = AppIcon;
				CODE_SIGN_STYLE = Automatic;
				INFOPLIST_FILE = Light/Info.plist;
				LD_RUNPATH_SEARCH_PATHS = (
					"$(inherited)",
					"@executable_path/Frameworks",
				);
				PRODUCT_BUNDLE_IDENTIFIER = VN.Light;
				PRODUCT_NAME = "$(TARGET_NAME)";
				SWIFT_VERSION = 4.0;
				TARGETED_DEVICE_FAMILY = "1,2";
			};
			name = Release;
		};
		FC068D1A2125923800BBF533 /* Debug */ = {
			isa = XCBuildConfiguration;
			buildSettings = {
				ALWAYS_EMBED_SWIFT_STANDARD_LIBRARIES = YES;
				BUNDLE_LOADER = "$(TEST_HOST)";
				CODE_SIGN_STYLE = Automatic;
				INFOPLIST_FILE = LightTests/Info.plist;
				LD_RUNPATH_SEARCH_PATHS = (
					"$(inherited)",
					"@executable_path/Frameworks",
					"@loader_path/Frameworks",
				);
				PRODUCT_BUNDLE_IDENTIFIER = VN.LightTests;
				PRODUCT_NAME = "$(TARGET_NAME)";
				SWIFT_VERSION = 4.0;
				TARGETED_DEVICE_FAMILY = "1,2";
				TEST_HOST = "$(BUILT_PRODUCTS_DIR)/Light.app/Light";
			};
			name = Debug;
		};
		FC068D1B2125923800BBF533 /* Release */ = {
			isa = XCBuildConfiguration;
			buildSettings = {
				ALWAYS_EMBED_SWIFT_STANDARD_LIBRARIES = YES;
				BUNDLE_LOADER = "$(TEST_HOST)";
				CODE_SIGN_STYLE = Automatic;
				INFOPLIST_FILE = LightTests/Info.plist;
				LD_RUNPATH_SEARCH_PATHS = (
					"$(inherited)",
					"@executable_path/Frameworks",
					"@loader_path/Frameworks",
				);
				PRODUCT_BUNDLE_IDENTIFIER = VN.LightTests;
				PRODUCT_NAME = "$(TARGET_NAME)";
				SWIFT_VERSION = 4.0;
				TARGETED_DEVICE_FAMILY = "1,2";
				TEST_HOST = "$(BUILT_PRODUCTS_DIR)/Light.app/Light";
			};
			name = Release;
		};
		FC068D1D2125923800BBF533 /* Debug */ = {
			isa = XCBuildConfiguration;
			buildSettings = {
				ALWAYS_EMBED_SWIFT_STANDARD_LIBRARIES = YES;
				CODE_SIGN_STYLE = Automatic;
				INFOPLIST_FILE = LightUITests/Info.plist;
				LD_RUNPATH_SEARCH_PATHS = (
					"$(inherited)",
					"@executable_path/Frameworks",
					"@loader_path/Frameworks",
				);
				PRODUCT_BUNDLE_IDENTIFIER = VN.LightUITests;
				PRODUCT_NAME = "$(TARGET_NAME)";
				SWIFT_VERSION = 4.0;
				TARGETED_DEVICE_FAMILY = "1,2";
				TEST_TARGET_NAME = Light;
			};
			name = Debug;
		};
		FC068D1E2125923800BBF533 /* Release */ = {
			isa = XCBuildConfiguration;
			buildSettings = {
				ALWAYS_EMBED_SWIFT_STANDARD_LIBRARIES = YES;
				CODE_SIGN_STYLE = Automatic;
				INFOPLIST_FILE = LightUITests/Info.plist;
				LD_RUNPATH_SEARCH_PATHS = (
					"$(inherited)",
					"@executable_path/Frameworks",
					"@loader_path/Frameworks",
				);
				PRODUCT_BUNDLE_IDENTIFIER = VN.LightUITests;
				PRODUCT_NAME = "$(TARGET_NAME)";
				SWIFT_VERSION = 4.0;
				TARGETED_DEVICE_FAMILY = "1,2";
				TEST_TARGET_NAME = Light;
			};
			name = Release;
		};
/* End XCBuildConfiguration section */

/* Begin XCConfigurationList section */
		FC068CE62125923200BBF533 /* Build configuration list for PBXProject "Light" */ = {
			isa = XCConfigurationList;
			buildConfigurations = (
				FC068D142125923800BBF533 /* Debug */,
				FC068D152125923800BBF533 /* Release */,
			);
			defaultConfigurationIsVisible = 0;
			defaultConfigurationName = Release;
		};
		FC068D162125923800BBF533 /* Build configuration list for PBXNativeTarget "Light" */ = {
			isa = XCConfigurationList;
			buildConfigurations = (
				FC068D172125923800BBF533 /* Debug */,
				FC068D182125923800BBF533 /* Release */,
			);
			defaultConfigurationIsVisible = 0;
			defaultConfigurationName = Release;
		};
		FC068D192125923800BBF533 /* Build configuration list for PBXNativeTarget "LightTests" */ = {
			isa = XCConfigurationList;
			buildConfigurations = (
				FC068D1A2125923800BBF533 /* Debug */,
				FC068D1B2125923800BBF533 /* Release */,
			);
			defaultConfigurationIsVisible = 0;
			defaultConfigurationName = Release;
		};
		FC068D1C2125923800BBF533 /* Build configuration list for PBXNativeTarget "LightUITests" */ = {
			isa = XCConfigurationList;
			buildConfigurations = (
				FC068D1D2125923800BBF533 /* Debug */,
				FC068D1E2125923800BBF533 /* Release */,
			);
			defaultConfigurationIsVisible = 0;
			defaultConfigurationName = Release;
		};
/* End XCConfigurationList section */

/* Begin XCVersionGroup section */
		FC068CF52125923200BBF533 /* Light.xcdatamodeld */ = {
			isa = XCVersionGroup;
			children = (
				FC068CF62125923200BBF533 /* Light.xcdatamodel */,
			);
			currentVersion = FC068CF62125923200BBF533 /* Light.xcdatamodel */;
			path = Light.xcdatamodeld;
			sourceTree = "<group>";
			versionGroupType = wrapper.xcdatamodel;
		};
/* End XCVersionGroup section */
	};
	rootObject = FC068CE32125923200BBF533 /* Project object */;
}
